// !$*UTF8*$!
{
	archiveVersion = 1;
	classes = {
	};
	objectVersion = 46;
	objects = {

/* Begin PBXBuildFile section */
		B7811FE51F53167400A461E4 /* AppDelegate.swift in Sources */ = {isa = PBXBuildFile; fileRef = B7811FE41F53167400A461E4 /* AppDelegate.swift */; };
		B7811FE71F53167400A461E4 /* ViewController.swift in Sources */ = {isa = PBXBuildFile; fileRef = B7811FE61F53167400A461E4 /* ViewController.swift */; };
		B7811FEA1F53167400A461E4 /* Main.storyboard in Resources */ = {isa = PBXBuildFile; fileRef = B7811FE81F53167400A461E4 /* Main.storyboard */; };
		B7811FEC1F53167400A461E4 /* Assets.xcassets in Resources */ = {isa = PBXBuildFile; fileRef = B7811FEB1F53167400A461E4 /* Assets.xcassets */; };
		B7811FEF1F53167400A461E4 /* LaunchScreen.storyboard in Resources */ = {isa = PBXBuildFile; fileRef = B7811FED1F53167400A461E4 /* LaunchScreen.storyboard */; };
		B7811FFA1F53167400A461E4 /* pokedexTests.swift in Sources */ = {isa = PBXBuildFile; fileRef = B7811FF91F53167400A461E4 /* pokedexTests.swift */; };
		B78120051F531AE800A461E4 /* pokemon.csv in Resources */ = {isa = PBXBuildFile; fileRef = B78120041F531AE800A461E4 /* pokemon.csv */; };
		B781200B1F531C3C00A461E4 /* Pokemon.swift in Sources */ = {isa = PBXBuildFile; fileRef = B781200A1F531C3C00A461E4 /* Pokemon.swift */; };
		B799DB0A1F5C2A1000C64F22 /* csv.swift in Sources */ = {isa = PBXBuildFile; fileRef = B799DB091F5C2A1000C64F22 /* csv.swift */; };
		B7EF35CF1F5C242100D6F186 /* PokeCell.swift in Sources */ = {isa = PBXBuildFile; fileRef = B7EF35CE1F5C242100D6F186 /* PokeCell.swift */; };
/* End PBXBuildFile section */

/* Begin PBXContainerItemProxy section */
		B7811FF61F53167400A461E4 /* PBXContainerItemProxy */ = {
			isa = PBXContainerItemProxy;
			containerPortal = B7811FD91F53167400A461E4 /* Project object */;
			proxyType = 1;
			remoteGlobalIDString = B7811FE01F53167400A461E4;
			remoteInfo = pokedex;
		};
/* End PBXContainerItemProxy section */

/* Begin PBXFileReference section */
		B7811FE11F53167400A461E4 /* pokedex.app */ = {isa = PBXFileReference; explicitFileType = wrapper.application; includeInIndex = 0; path = pokedex.app; sourceTree = BUILT_PRODUCTS_DIR; };
		B7811FE41F53167400A461E4 /* AppDelegate.swift */ = {isa = PBXFileReference; lastKnownFileType = sourcecode.swift; path = AppDelegate.swift; sourceTree = "<group>"; };
		B7811FE61F53167400A461E4 /* ViewController.swift */ = {isa = PBXFileReference; lastKnownFileType = sourcecode.swift; path = ViewController.swift; sourceTree = "<group>"; };
		B7811FE91F53167400A461E4 /* Base */ = {isa = PBXFileReference; lastKnownFileType = file.storyboard; name = Base; path = Base.lproj/Main.storyboard; sourceTree = "<group>"; };
		B7811FEB1F53167400A461E4 /* Assets.xcassets */ = {isa = PBXFileReference; lastKnownFileType = folder.assetcatalog; path = Assets.xcassets; sourceTree = "<group>"; };
		B7811FEE1F53167400A461E4 /* Base */ = {isa = PBXFileReference; lastKnownFileType = file.storyboard; name = Base; path = Base.lproj/LaunchScreen.storyboard; sourceTree = "<group>"; };
		B7811FF01F53167400A461E4 /* Info.plist */ = {isa = PBXFileReference; lastKnownFileType = text.plist.xml; path = Info.plist; sourceTree = "<group>"; };
		B7811FF51F53167400A461E4 /* pokedexTests.xctest */ = {isa = PBXFileReference; explicitFileType = wrapper.cfbundle; includeInIndex = 0; path = pokedexTests.xctest; sourceTree = BUILT_PRODUCTS_DIR; };
		B7811FF91F53167400A461E4 /* pokedexTests.swift */ = {isa = PBXFileReference; lastKnownFileType = sourcecode.swift; path = pokedexTests.swift; sourceTree = "<group>"; };
		B7811FFB1F53167400A461E4 /* Info.plist */ = {isa = PBXFileReference; lastKnownFileType = text.plist.xml; path = Info.plist; sourceTree = "<group>"; };
		B78120041F531AE800A461E4 /* pokemon.csv */ = {isa = PBXFileReference; fileEncoding = 4; lastKnownFileType = text; path = pokemon.csv; sourceTree = "<group>"; };
		B781200A1F531C3C00A461E4 /* Pokemon.swift */ = {isa = PBXFileReference; fileEncoding = 4; lastKnownFileType = sourcecode.swift; name = Pokemon.swift; path = Model/Pokemon.swift; sourceTree = "<group>"; };
		B799DB091F5C2A1000C64F22 /* csv.swift */ = {isa = PBXFileReference; fileEncoding = 4; lastKnownFileType = sourcecode.swift; path = csv.swift; sourceTree = "<group>"; };
		B7EF35CE1F5C242100D6F186 /* PokeCell.swift */ = {isa = PBXFileReference; fileEncoding = 4; lastKnownFileType = sourcecode.swift; name = PokeCell.swift; path = View/PokeCell.swift; sourceTree = "<group>"; };
/* End PBXFileReference section */

/* Begin PBXFrameworksBuildPhase section */
		B7811FDE1F53167400A461E4 /* Frameworks */ = {
			isa = PBXFrameworksBuildPhase;
			buildActionMask = 2147483647;
			files = (
			);
			runOnlyForDeploymentPostprocessing = 0;
		};
		B7811FF21F53167400A461E4 /* Frameworks */ = {
			isa = PBXFrameworksBuildPhase;
			buildActionMask = 2147483647;
			files = (
			);
			runOnlyForDeploymentPostprocessing = 0;
		};
/* End PBXFrameworksBuildPhase section */

/* Begin PBXGroup section */
		B7811FD81F53167400A461E4 = {
			isa = PBXGroup;
			children = (
				B7811FE31F53167400A461E4 /* pokedex */,
				B7811FF81F53167400A461E4 /* pokedexTests */,
				B7811FE21F53167400A461E4 /* Products */,
			);
			sourceTree = "<group>";
		};
		B7811FE21F53167400A461E4 /* Products */ = {
			isa = PBXGroup;
			children = (
				B7811FE11F53167400A461E4 /* pokedex.app */,
				B7811FF51F53167400A461E4 /* pokedexTests.xctest */,
			);
			name = Products;
			sourceTree = "<group>";
		};
		B7811FE31F53167400A461E4 /* pokedex */ = {
			isa = PBXGroup;
			children = (
				B7EF35CD1F5C23D900D6F186 /* View */,
				B78120091F531BCE00A461E4 /* Model */,
				B78120041F531AE800A461E4 /* pokemon.csv */,
				B7811FE41F53167400A461E4 /* AppDelegate.swift */,
				B7811FE61F53167400A461E4 /* ViewController.swift */,
				B799DB091F5C2A1000C64F22 /* csv.swift */,
				B7811FE81F53167400A461E4 /* Main.storyboard */,
				B7811FEB1F53167400A461E4 /* Assets.xcassets */,
				B7811FED1F53167400A461E4 /* LaunchScreen.storyboard */,
				B7811FF01F53167400A461E4 /* Info.plist */,
			);
			path = pokedex;
			sourceTree = "<group>";
		};
		B7811FF81F53167400A461E4 /* pokedexTests */ = {
			isa = PBXGroup;
			children = (
				B7811FF91F53167400A461E4 /* pokedexTests.swift */,
				B7811FFB1F53167400A461E4 /* Info.plist */,
			);
			path = pokedexTests;
			sourceTree = "<group>";
		};
		B78120091F531BCE00A461E4 /* Model */ = {
			isa = PBXGroup;
			children = (
				B781200A1F531C3C00A461E4 /* Pokemon.swift */,
			);
			name = Model;
			sourceTree = "<group>";
		};
		B7EF35CD1F5C23D900D6F186 /* View */ = {
			isa = PBXGroup;
			children = (
				B7EF35CE1F5C242100D6F186 /* PokeCell.swift */,
			);
			name = View;
			sourceTree = "<group>";
		};
/* End PBXGroup section */

/* Begin PBXNativeTarget section */
		B7811FE01F53167400A461E4 /* pokedex */ = {
			isa = PBXNativeTarget;
			buildConfigurationList = B7811FFE1F53167400A461E4 /* Build configuration list for PBXNativeTarget "pokedex" */;
			buildPhases = (
				B7811FDD1F53167400A461E4 /* Sources */,
				B7811FDE1F53167400A461E4 /* Frameworks */,
				B7811FDF1F53167400A461E4 /* Resources */,
			);
			buildRules = (
			);
			dependencies = (
			);
			name = pokedex;
			productName = pokedex;
			productReference = B7811FE11F53167400A461E4 /* pokedex.app */;
			productType = "com.apple.product-type.application";
		};
		B7811FF41F53167400A461E4 /* pokedexTests */ = {
			isa = PBXNativeTarget;
			buildConfigurationList = B78120011F53167400A461E4 /* Build configuration list for PBXNativeTarget "pokedexTests" */;
			buildPhases = (
				B7811FF11F53167400A461E4 /* Sources */,
				B7811FF21F53167400A461E4 /* Frameworks */,
				B7811FF31F53167400A461E4 /* Resources */,
			);
			buildRules = (
			);
			dependencies = (
				B7811FF71F53167400A461E4 /* PBXTargetDependency */,
			);
			name = pokedexTests;
			productName = pokedexTests;
			productReference = B7811FF51F53167400A461E4 /* pokedexTests.xctest */;
			productType = "com.apple.product-type.bundle.unit-test";
		};
/* End PBXNativeTarget section */

/* Begin PBXProject section */
		B7811FD91F53167400A461E4 /* Project object */ = {
			isa = PBXProject;
			attributes = {
				LastSwiftUpdateCheck = 0830;
				LastUpgradeCheck = 0830;
				ORGANIZATIONNAME = "Nguyen Ngo An Binh";
				TargetAttributes = {
					B7811FE01F53167400A461E4 = {
						CreatedOnToolsVersion = 8.3.3;
						DevelopmentTeam = 6V8E2M2G4B;
						LastSwiftMigration = 0830;
						ProvisioningStyle = Automatic;
					};
					B7811FF41F53167400A461E4 = {
						CreatedOnToolsVersion = 8.3.3;
						DevelopmentTeam = J7JNU88YP7;
						LastSwiftMigration = 0830;
						ProvisioningStyle = Automatic;
						TestTargetID = B7811FE01F53167400A461E4;
					};
				};
			};
			buildConfigurationList = B7811FDC1F53167400A461E4 /* Build configuration list for PBXProject "pokedex" */;
			compatibilityVersion = "Xcode 3.2";
			developmentRegion = English;
			hasScannedForEncodings = 0;
			knownRegions = (
				en,
				Base,
			);
			mainGroup = B7811FD81F53167400A461E4;
			productRefGroup = B7811FE21F53167400A461E4 /* Products */;
			projectDirPath = "";
			projectRoot = "";
			targets = (
				B7811FE01F53167400A461E4 /* pokedex */,
				B7811FF41F53167400A461E4 /* pokedexTests */,
			);
		};
/* End PBXProject section */

/* Begin PBXResourcesBuildPhase section */
		B7811FDF1F53167400A461E4 /* Resources */ = {
			isa = PBXResourcesBuildPhase;
			buildActionMask = 2147483647;
			files = (
				B7811FEF1F53167400A461E4 /* LaunchScreen.storyboard in Resources */,
				B7811FEC1F53167400A461E4 /* Assets.xcassets in Resources */,
				B78120051F531AE800A461E4 /* pokemon.csv in Resources */,
				B7811FEA1F53167400A461E4 /* Main.storyboard in Resources */,
			);
			runOnlyForDeploymentPostprocessing = 0;
		};
		B7811FF31F53167400A461E4 /* Resources */ = {
			isa = PBXResourcesBuildPhase;
			buildActionMask = 2147483647;
			files = (
			);
			runOnlyForDeploymentPostprocessing = 0;
		};
/* End PBXResourcesBuildPhase section */

/* Begin PBXSourcesBuildPhase section */
		B7811FDD1F53167400A461E4 /* Sources */ = {
			isa = PBXSourcesBuildPhase;
			buildActionMask = 2147483647;
			files = (
				B7EF35CF1F5C242100D6F186 /* PokeCell.swift in Sources */,
				B7811FE71F53167400A461E4 /* ViewController.swift in Sources */,
				B7811FE51F53167400A461E4 /* AppDelegate.swift in Sources */,
				B781200B1F531C3C00A461E4 /* Pokemon.swift in Sources */,
				B799DB0A1F5C2A1000C64F22 /* csv.swift in Sources */,
			);
			runOnlyForDeploymentPostprocessing = 0;
		};
		B7811FF11F53167400A461E4 /* Sources */ = {
			isa = PBXSourcesBuildPhase;
			buildActionMask = 2147483647;
			files = (
				B7811FFA1F53167400A461E4 /* pokedexTests.swift in Sources */,
			);
			runOnlyForDeploymentPostprocessing = 0;
		};
/* End PBXSourcesBuildPhase section */

/* Begin PBXTargetDependency section */
		B7811FF71F53167400A461E4 /* PBXTargetDependency */ = {
			isa = PBXTargetDependency;
			target = B7811FE01F53167400A461E4 /* pokedex */;
			targetProxy = B7811FF61F53167400A461E4 /* PBXContainerItemProxy */;
		};
/* End PBXTargetDependency section */

/* Begin PBXVariantGroup section */
		B7811FE81F53167400A461E4 /* Main.storyboard */ = {
			isa = PBXVariantGroup;
			children = (
				B7811FE91F53167400A461E4 /* Base */,
			);
			name = Main.storyboard;
			sourceTree = "<group>";
		};
		B7811FED1F53167400A461E4 /* LaunchScreen.storyboard */ = {
			isa = PBXVariantGroup;
			children = (
				B7811FEE1F53167400A461E4 /* Base */,
			);
			name = LaunchScreen.storyboard;
			sourceTree = "<group>";
		};
/* End PBXVariantGroup section */

/* Begin XCBuildConfiguration section */
		B7811FFC1F53167400A461E4 /* Debug */ = {
			isa = XCBuildConfiguration;
			buildSettings = {
				ALWAYS_SEARCH_USER_PATHS = NO;
				CLANG_ANALYZER_NONNULL = YES;
				CLANG_ANALYZER_NUMBER_OBJECT_CONVERSION = YES_AGGRESSIVE;
				CLANG_CXX_LANGUAGE_STANDARD = "gnu++0x";
				CLANG_CXX_LIBRARY = "libc++";
				CLANG_ENABLE_MODULES = YES;
				CLANG_ENABLE_OBJC_ARC = YES;
				CLANG_WARN_BOOL_CONVERSION = YES;
				CLANG_WARN_CONSTANT_CONVERSION = YES;
				CLANG_WARN_DIRECT_OBJC_ISA_USAGE = YES_ERROR;
				CLANG_WARN_DOCUMENTATION_COMMENTS = YES;
				CLANG_WARN_EMPTY_BODY = YES;
				CLANG_WARN_ENUM_CONVERSION = YES;
				CLANG_WARN_INFINITE_RECURSION = YES;
				CLANG_WARN_INT_CONVERSION = YES;
				CLANG_WARN_OBJC_ROOT_CLASS = YES_ERROR;
				CLANG_WARN_SUSPICIOUS_MOVE = YES;
				CLANG_WARN_UNREACHABLE_CODE = YES;
				CLANG_WARN__DUPLICATE_METHOD_MATCH = YES;
				"CODE_SIGN_IDENTITY[sdk=iphoneos*]" = "iPhone Developer";
				COPY_PHASE_STRIP = NO;
				DEBUG_INFORMATION_FORMAT = dwarf;
				ENABLE_STRICT_OBJC_MSGSEND = YES;
				ENABLE_TESTABILITY = YES;
				GCC_C_LANGUAGE_STANDARD = gnu99;
				GCC_DYNAMIC_NO_PIC = NO;
				GCC_NO_COMMON_BLOCKS = YES;
				GCC_OPTIMIZATION_LEVEL = 0;
				GCC_PREPROCESSOR_DEFINITIONS = (
					"DEBUG=1",
					"$(inherited)",
				);
				GCC_WARN_64_TO_32_BIT_CONVERSION = YES;
				GCC_WARN_ABOUT_RETURN_TYPE = YES_ERROR;
				GCC_WARN_UNDECLARED_SELECTOR = YES;
				GCC_WARN_UNINITIALIZED_AUTOS = YES_AGGRESSIVE;
				GCC_WARN_UNUSED_FUNCTION = YES;
				GCC_WARN_UNUSED_VARIABLE = YES;
				IPHONEOS_DEPLOYMENT_TARGET = 10.3;
				MTL_ENABLE_DEBUG_INFO = YES;
				ONLY_ACTIVE_ARCH = YES;
				SDKROOT = iphoneos;
				SWIFT_ACTIVE_COMPILATION_CONDITIONS = DEBUG;
				SWIFT_OPTIMIZATION_LEVEL = "-Onone";
				TARGETED_DEVICE_FAMILY = "1,2";
			};
			name = Debug;
		};
		B7811FFD1F53167400A461E4 /* Release */ = {
			isa = XCBuildConfiguration;
			buildSettings = {
				ALWAYS_SEARCH_USER_PATHS = NO;
				CLANG_ANALYZER_NONNULL = YES;
				CLANG_ANALYZER_NUMBER_OBJECT_CONVERSION = YES_AGGRESSIVE;
				CLANG_CXX_LANGUAGE_STANDARD = "gnu++0x";
				CLANG_CXX_LIBRARY = "libc++";
				CLANG_ENABLE_MODULES = YES;
				CLANG_ENABLE_OBJC_ARC = YES;
				CLANG_WARN_BOOL_CONVERSION = YES;
				CLANG_WARN_CONSTANT_CONVERSION = YES;
				CLANG_WARN_DIRECT_OBJC_ISA_USAGE = YES_ERROR;
				CLANG_WARN_DOCUMENTATION_COMMENTS = YES;
				CLANG_WARN_EMPTY_BODY = YES;
				CLANG_WARN_ENUM_CONVERSION = YES;
				CLANG_WARN_INFINITE_RECURSION = YES;
				CLANG_WARN_INT_CONVERSION = YES;
				CLANG_WARN_OBJC_ROOT_CLASS = YES_ERROR;
				CLANG_WARN_SUSPICIOUS_MOVE = YES;
				CLANG_WARN_UNREACHABLE_CODE = YES;
				CLANG_WARN__DUPLICATE_METHOD_MATCH = YES;
				"CODE_SIGN_IDENTITY[sdk=iphoneos*]" = "iPhone Developer";
				COPY_PHASE_STRIP = NO;
				DEBUG_INFORMATION_FORMAT = "dwarf-with-dsym";
				ENABLE_NS_ASSERTIONS = NO;
				ENABLE_STRICT_OBJC_MSGSEND = YES;
				GCC_C_LANGUAGE_STANDARD = gnu99;
				GCC_NO_COMMON_BLOCKS = YES;
				GCC_WARN_64_TO_32_BIT_CONVERSION = YES;
				GCC_WARN_ABOUT_RETURN_TYPE = YES_ERROR;
				GCC_WARN_UNDECLARED_SELECTOR = YES;
				GCC_WARN_UNINITIALIZED_AUTOS = YES_AGGRESSIVE;
				GCC_WARN_UNUSED_FUNCTION = YES;
				GCC_WARN_UNUSED_VARIABLE = YES;
				IPHONEOS_DEPLOYMENT_TARGET = 10.3;
				MTL_ENABLE_DEBUG_INFO = NO;
				SDKROOT = iphoneos;
				SWIFT_OPTIMIZATION_LEVEL = "-Owholemodule";
				TARGETED_DEVICE_FAMILY = "1,2";
				VALIDATE_PRODUCT = YES;
			};
			name = Release;
		};
		B7811FFF1F53167400A461E4 /* Debug */ = {
			isa = XCBuildConfiguration;
			buildSettings = {
				ASSETCATALOG_COMPILER_APPICON_NAME = AppIcon;
				DEVELOPMENT_TEAM = 6V8E2M2G4B;
				INFOPLIST_FILE = pokedex/Info.plist;
				LD_RUNPATH_SEARCH_PATHS = "$(inherited) @executable_path/Frameworks";
				PRODUCT_BUNDLE_IDENTIFIER = com.example.pokedex.iOS;
				PRODUCT_NAME = "$(TARGET_NAME)";
				SWIFT_VERSION = 3.0;
			};
			name = Debug;
		};
		B78120001F53167400A461E4 /* Release */ = {
			isa = XCBuildConfiguration;
			buildSettings = {
				ASSETCATALOG_COMPILER_APPICON_NAME = AppIcon;
				DEVELOPMENT_TEAM = 6V8E2M2G4B;
				INFOPLIST_FILE = pokedex/Info.plist;
				LD_RUNPATH_SEARCH_PATHS = "$(inherited) @executable_path/Frameworks";
				PRODUCT_BUNDLE_IDENTIFIER = com.example.pokedex.iOS;
				PRODUCT_NAME = "$(TARGET_NAME)";
				SWIFT_VERSION = 3.0;
			};
			name = Release;
		};
		B78120021F53167400A461E4 /* Debug */ = {
			isa = XCBuildConfiguration;
			buildSettings = {
				ALWAYS_EMBED_SWIFT_STANDARD_LIBRARIES = YES;
				BUNDLE_LOADER = "$(TEST_HOST)";
				DEVELOPMENT_TEAM = J7JNU88YP7;
				INFOPLIST_FILE = pokedexTests/Info.plist;
				LD_RUNPATH_SEARCH_PATHS = "$(inherited) @executable_path/Frameworks @loader_path/Frameworks";
				PRODUCT_BUNDLE_IDENTIFIER = com.example.pokedexTests;
				PRODUCT_NAME = "$(TARGET_NAME)";
				SWIFT_VERSION = 3.0;
				TEST_HOST = "$(BUILT_PRODUCTS_DIR)/pokedex.app/pokedex";
			};
			name = Debug;
		};
		B78120031F53167400A461E4 /* Release */ = {
			isa = XCBuildConfiguration;
			buildSettings = {
				ALWAYS_EMBED_SWIFT_STANDARD_LIBRARIES = YES;
				BUNDLE_LOADER = "$(TEST_HOST)";
				DEVELOPMENT_TEAM = J7JNU88YP7;
				INFOPLIST_FILE = pokedexTests/Info.plist;
				LD_RUNPATH_SEARCH_PATHS = "$(inherited) @executable_path/Frameworks @loader_path/Frameworks";
				PRODUCT_BUNDLE_IDENTIFIER = com.example.pokedexTests;
				PRODUCT_NAME = "$(TARGET_NAME)";
				SWIFT_VERSION = 3.0;
				TEST_HOST = "$(BUILT_PRODUCTS_DIR)/pokedex.app/pokedex";
			};
			name = Release;
		};
/* End XCBuildConfiguration section */

/* Begin XCConfigurationList section */
		B7811FDC1F53167400A461E4 /* Build configuration list for PBXProject "pokedex" */ = {
			isa = XCConfigurationList;
			buildConfigurations = (
				B7811FFC1F53167400A461E4 /* Debug */,
				B7811FFD1F53167400A461E4 /* Release */,
			);
			defaultConfigurationIsVisible = 0;
			defaultConfigurationName = Release;
		};
		B7811FFE1F53167400A461E4 /* Build configuration list for PBXNativeTarget "pokedex" */ = {
			isa = XCConfigurationList;
			buildConfigurations = (
				B7811FFF1F53167400A461E4 /* Debug */,
				B78120001F53167400A461E4 /* Release */,
			);
			defaultConfigurationIsVisible = 0;
			defaultConfigurationName = Release;
		};
		B78120011F53167400A461E4 /* Build configuration list for PBXNativeTarget "pokedexTests" */ = {
			isa = XCConfigurationList;
			buildConfigurations = (
				B78120021F53167400A461E4 /* Debug */,
				B78120031F53167400A461E4 /* Release */,
			);
			defaultConfigurationIsVisible = 0;
			defaultConfigurationName = Release;
		};
/* End XCConfigurationList section */
	};
	rootObject = B7811FD91F53167400A461E4 /* Project object */;
}
